
Microsoft Visual Studio Solution File, Format Version 12.00
# Visual Studio Version 17
VisualStudioVersion = 17.14.36603.0 d17.14
MinimumVisualStudioVersion = 10.0.40219.1
Project("{FAE04EC0-301F-11D3-BF4B-00C04F79EFBC}") = "ReqnrollTestProject", "ReqnrollTestProject\ReqnrollTestProject.csproj", "{9EF42638-ED7F-43CD-894A-70DC71523AAE}"
EndProject
Global
	GlobalSection(SolutionConfigurationPlatforms) = preSolution
		Debug|Any CPU = Debug|Any CPU
		Release|Any CPU = Release|Any CPU
	EndGlobalSection
	GlobalSection(ProjectConfigurationPlatforms) = postSolution
		{9EF42638-ED7F-43CD-894A-70DC71523AAE}.Debug|Any CPU.ActiveCfg = Debug|Any CPU
		{9EF42638-ED7F-43CD-894A-70DC71523AAE}.Debug|Any CPU.Build.0 = Debug|Any CPU
		{9EF42638-ED7F-43CD-894A-70DC71523AAE}.Release|Any CPU.ActiveCfg = Release|Any CPU
		{9EF42638-ED7F-43CD-894A-70DC71523AAE}.Release|Any CPU.Build.0 = Release|Any CPU
	EndGlobalSection
	GlobalSection(SolutionProperties) = preSolution
		HideSolutionNode = FALSE
	EndGlobalSection
	GlobalSection(ExtensibilityGlobals) = postSolution
		SolutionGuid = {8853AEC2-3A1C-4ADB-9158-53CB40DBB9F9}
	EndGlobalSection
EndGlobal
